<?xml version="1.0" encoding="utf-8"?>
<Project ToolsVersion="4.0" xmlns="http://schemas.microsoft.com/developer/msbuild/2003">
  <ItemGroup>
    <Filter Include="Source Files">
      <UniqueIdentifier>{142454c0-013b-4db1-a082-750f35a949a7}</UniqueIdentifier>
      <Extensions>cpp;c;cxx;rc;def;r;odl;idl;hpj;bat</Extensions>
    </Filter>
  </ItemGroup>
  <ItemGroup>
    <ClInclude Include="glext.h">
      <Filter>Source Files</Filter>
    </ClInclude>
    <ClInclude Include="OglDrv.h">
      <Filter>Source Files</Filter>
    </ClInclude>
    <ClInclude Include="OglMisc.h">
      <Filter>Source Files</Filter>
    </ClInclude>
    <ClInclude Include="Render.h">
      <Filter>Source Files</Filter>
    </ClInclude>
    <ClInclude Include="THandle.h">
      <Filter>Source Files</Filter>
    </ClInclude>
    <ClInclude Include="Win32.h">
      <Filter>Source Files</Filter>
    </ClInclude>
    <ClInclude Include="glcorearb.h">
      <Filter>Source Files</Filter>
    </ClInclude>
    <ClInclude Include="wglext.h">
      <Filter>Source Files</Filter>
    </ClInclude>
    <ClInclude Include="PCache.h">
      <Filter>Source Files</Filter>
    </ClInclude>
    <ClInclude Include="dcommon.h">
      <Filter>Source Files</Filter>
    </ClInclude>
    <ClInclude Include="Basetype.h">
      <Filter>Source Files</Filter>
    </ClInclude>
    <ClInclude Include="getypes.h">
      <Filter>Source Files</Filter>
    </ClInclude>
  </ItemGroup>
  <ItemGroup>
    <ClCompile Include="PCache.cpp">
      <Filter>Source Files</Filter>
    </ClCompile>
    <ClCompile Include="OglDrv.cpp">
      <Filter>Source Files</Filter>
    </ClCompile>
    <ClCompile Include="OglMisc.cpp">
      <Filter>Source Files</Filter>
    </ClCompile>
    <ClCompile Include="Render.cpp">
      <Filter>Source Files</Filter>
    </ClCompile>
    <ClCompile Include="THandle.cpp">
      <Filter>Source Files</Filter>
    </ClCompile>
    <ClCompile Include="Win32.cpp">
      <Filter>Source Files</Filter>
    </ClCompile>
  </ItemGroup>
</Project>